{
  "name": "yakutsa",
  "lockfileVersion": 2,
  "requires": true,
  "packages": {
    "": {
      "dependencies": {
        "threejs-object-controls": "^1.2.8"
      }
    },
    "node_modules/threejs-object-controls": {
      "version": "1.2.8",
      "resolved": "https://registry.npmjs.org/threejs-object-controls/-/threejs-object-controls-1.2.8.tgz",
      "integrity": "sha512-FGJUyEhprq6uOU6qOI25Kp627MkpQnMUr3TktMkJAcXr4Pt/ZT/8+B1SCWRbLvR+dnXnM3GC6YT5rxm2ybsyAQ=="
    }
  },
  "dependencies": {
    "threejs-object-controls": {
      "version": "1.2.8",
      "resolved": "https://registry.npmjs.org/threejs-object-controls/-/threejs-object-controls-1.2.8.tgz",
      "integrity": "sha512-FGJUyEhprq6uOU6qOI25Kp627MkpQnMUr3TktMkJAcXr4Pt/ZT/8+B1SCWRbLvR+dnXnM3GC6YT5rxm2ybsyAQ=="
    }
  }
}
